
Microsoft Visual Studio Solution File, Format Version 12.00
# Visual Studio 15
VisualStudioVersion = 15.0.27428.2011
MinimumVisualStudioVersion = 10.0.40219.1
Project("{FAE04EC0-301F-11D3-BF4B-00C04F79EFBC}") = "Quiz.LastHourStatistics.Contracts", "Quiz.LastHourStatistics.Contracts\Quiz.LastHourStatistics.Contracts.csproj", "{557EF930-FDE8-4C62-850E-9B70FEF8F185}"
EndProject
Project("{FAE04EC0-301F-11D3-BF4B-00C04F79EFBC}") = "Quiz.LastHourStatistics.TestConsole", "Quiz.LastHourStatistics.TestConsole\Quiz.LastHourStatistics.TestConsole.csproj", "{9C0384B0-C3AA-49A1-9AC1-C67D8DD126B8}"
EndProject
Project("{FAE04EC0-301F-11D3-BF4B-00C04F79EFBC}") = "Quiz.LastHourStatistics.Practices", "Quiz.LastHourStatistics.Practices\Quiz.LastHourStatistics.Practices.csproj", "{0E2C8BE3-5468-4FDC-A27C-6C9B54B8A6D4}"
EndProject
Global
	GlobalSection(SolutionConfigurationPlatforms) = preSolution
		Debug|Any CPU = Debug|Any CPU
		Release|Any CPU = Release|Any CPU
	EndGlobalSection
	GlobalSection(ProjectConfigurationPlatforms) = postSolution
		{557EF930-FDE8-4C62-850E-9B70FEF8F185}.Debug|Any CPU.ActiveCfg = Debug|Any CPU
		{557EF930-FDE8-4C62-850E-9B70FEF8F185}.Debug|Any CPU.Build.0 = Debug|Any CPU
		{557EF930-FDE8-4C62-850E-9B70FEF8F185}.Release|Any CPU.ActiveCfg = Release|Any CPU
		{557EF930-FDE8-4C62-850E-9B70FEF8F185}.Release|Any CPU.Build.0 = Release|Any CPU
		{9C0384B0-C3AA-49A1-9AC1-C67D8DD126B8}.Debug|Any CPU.ActiveCfg = Debug|Any CPU
		{9C0384B0-C3AA-49A1-9AC1-C67D8DD126B8}.Debug|Any CPU.Build.0 = Debug|Any CPU
		{9C0384B0-C3AA-49A1-9AC1-C67D8DD126B8}.Release|Any CPU.ActiveCfg = Release|Any CPU
		{9C0384B0-C3AA-49A1-9AC1-C67D8DD126B8}.Release|Any CPU.Build.0 = Release|Any CPU
		{0E2C8BE3-5468-4FDC-A27C-6C9B54B8A6D4}.Debug|Any CPU.ActiveCfg = Debug|Any CPU
		{0E2C8BE3-5468-4FDC-A27C-6C9B54B8A6D4}.Debug|Any CPU.Build.0 = Debug|Any CPU
		{0E2C8BE3-5468-4FDC-A27C-6C9B54B8A6D4}.Release|Any CPU.ActiveCfg = Release|Any CPU
		{0E2C8BE3-5468-4FDC-A27C-6C9B54B8A6D4}.Release|Any CPU.Build.0 = Release|Any CPU
	EndGlobalSection
	GlobalSection(SolutionProperties) = preSolution
		HideSolutionNode = FALSE
	EndGlobalSection
	GlobalSection(ExtensibilityGlobals) = postSolution
		SolutionGuid = {0209D795-14D7-4CBA-B3BD-3FB23160BEE2}
	EndGlobalSection
EndGlobal
